
Microsoft Visual Studio Solution File, Format Version 12.00
# Visual Studio Version 17
VisualStudioVersion = 17.0.31919.166
MinimumVisualStudioVersion = 10.0.40219.1
Project("{9A19103F-16F7-4668-BE54-9A1E7A4F7556}") = "JsonConfigurator", "JsonConfigurator\JsonConfigurator.csproj", "{A19DD6C3-FD65-4A40-9A8B-45CDE627518C}"
EndProject
Global
	GlobalSection(SolutionConfigurationPlatforms) = preSolution
		Debug|Any CPU = Debug|Any CPU
		Release|Any CPU = Release|Any CPU
	EndGlobalSection
	GlobalSection(ProjectConfigurationPlatforms) = postSolution
		{A19DD6C3-FD65-4A40-9A8B-45CDE627518C}.Debug|Any CPU.ActiveCfg = Debug|Any CPU
		{A19DD6C3-FD65-4A40-9A8B-45CDE627518C}.Debug|Any CPU.Build.0 = Debug|Any CPU
		{A19DD6C3-FD65-4A40-9A8B-45CDE627518C}.Release|Any CPU.ActiveCfg = Release|Any CPU
		{A19DD6C3-FD65-4A40-9A8B-45CDE627518C}.Release|Any CPU.Build.0 = Release|Any CPU
	EndGlobalSection
	GlobalSection(SolutionProperties) = preSolution
		HideSolutionNode = FALSE
	EndGlobalSection
	GlobalSection(ExtensibilityGlobals) = postSolution
		SolutionGuid = {A27AE8AC-EEDE-43EA-82EE-EA1D57F0635C}
	EndGlobalSection
EndGlobal
